lockfileVersion: 5.3

specifiers:
  '@rbxts/compiler-types': ^1.2.9-types.0
  '@rbxts/types': ^1.0.571
  typescript: ^4.5.5

devDependencies:
  '@rbxts/compiler-types': 1.2.9-types.0
  '@rbxts/types': 1.0.571
  typescript: 4.5.5

packages:

  /@rbxts/compiler-types/1.2.9-types.0:
    resolution: {integrity: sha512-VnneeBGTXgtcAGpAiOrOyzdMLV3yOFBdbxcM2pZhXJw4NswvSRY2ZtLudXmeivlhgXPscjZlFZE1Uf2FD8tM4A==}
    dev: true

  /@rbxts/types/1.0.571:
    resolution: {integrity: sha512-VKBktp/GefC8uHzzRhZJE8EhQw6Zq2oMzc8dlWoaj2xe6rT2bWllYg4pl7tuw29LjaUuIqWm0GUhbSqMiKmmaQ==}
    dev: true

  /typescript/4.5.5:
    resolution: {integrity: sha512-TCTIul70LyWe6IJWT8QSYeA54WQe8EjQFU4wY52Fasj5UKx88LNYKCgBEHcOMOrFF1rKGbD8v/xcNWVUq9SymA==}
    engines: {node: '>=4.2.0'}
    hasBin: true
    dev: true
